
Microsoft Visual Studio Solution File, Format Version 12.00
# Visual Studio Version 17
VisualStudioVersion = 17.13.35825.156 d17.13
MinimumVisualStudioVersion = 10.0.40219.1
Project("{FAE04EC0-301F-11D3-BF4B-00C04F79EFBC}") = "Remake of GND receiver", "Remake of GND receiver.csproj", "{C1F890A8-CE3E-4FEE-B206-4B886FC27D0C}"
EndProject
Global
	GlobalSection(SolutionConfigurationPlatforms) = preSolution
		Debug|Any CPU = Debug|Any CPU
		Release|Any CPU = Release|Any CPU
	EndGlobalSection
	GlobalSection(ProjectConfigurationPlatforms) = postSolution
		{C1F890A8-CE3E-4FEE-B206-4B886FC27D0C}.Debug|Any CPU.ActiveCfg = Debug|Any CPU
		{C1F890A8-CE3E-4FEE-B206-4B886FC27D0C}.Debug|Any CPU.Build.0 = Debug|Any CPU
		{C1F890A8-CE3E-4FEE-B206-4B886FC27D0C}.Release|Any CPU.ActiveCfg = Release|Any CPU
		{C1F890A8-CE3E-4FEE-B206-4B886FC27D0C}.Release|Any CPU.Build.0 = Release|Any CPU
	EndGlobalSection
	GlobalSection(SolutionProperties) = preSolution
		HideSolutionNode = FALSE
	EndGlobalSection
	GlobalSection(ExtensibilityGlobals) = postSolution
		SolutionGuid = {FD0CF2EB-3C25-4D7D-AC51-75DF87967755}
	EndGlobalSection
EndGlobal
